
Microsoft Visual Studio Solution File, Format Version 12.00
# Visual Studio 15
Project("{FAE04EC0-301F-11D3-BF4B-00C04F79EFBC}") = "Assembly-CSharp", "Assembly-CSharp.csproj", "{08D3D473-38A5-C777-2F31-D172D0A04966}"
EndProject
Project("{FAE04EC0-301F-11D3-BF4B-00C04F79EFBC}") = "Assembly-CSharp-Editor", "Assembly-CSharp-Editor.csproj", "{C2C18D04-9CD4-9ABA-F348-E7491BA007F9}"
EndProject
Global
	GlobalSection(SolutionConfigurationPlatforms) = preSolution
		Debug|Any CPU = Debug|Any CPU
		Release|Any CPU = Release|Any CPU
	EndGlobalSection
	GlobalSection(ProjectConfigurationPlatforms) = postSolution
		{08D3D473-38A5-C777-2F31-D172D0A04966}.Debug|Any CPU.ActiveCfg = Debug|Any CPU
		{08D3D473-38A5-C777-2F31-D172D0A04966}.Debug|Any CPU.Build.0 = Debug|Any CPU
		{08D3D473-38A5-C777-2F31-D172D0A04966}.Release|Any CPU.ActiveCfg = Release|Any CPU
		{08D3D473-38A5-C777-2F31-D172D0A04966}.Release|Any CPU.Build.0 = Release|Any CPU
		{C2C18D04-9CD4-9ABA-F348-E7491BA007F9}.Debug|Any CPU.ActiveCfg = Debug|Any CPU
		{C2C18D04-9CD4-9ABA-F348-E7491BA007F9}.Debug|Any CPU.Build.0 = Debug|Any CPU
		{C2C18D04-9CD4-9ABA-F348-E7491BA007F9}.Release|Any CPU.ActiveCfg = Release|Any CPU
		{C2C18D04-9CD4-9ABA-F348-E7491BA007F9}.Release|Any CPU.Build.0 = Release|Any CPU
	EndGlobalSection
	GlobalSection(SolutionProperties) = preSolution
		HideSolutionNode = FALSE
	EndGlobalSection
EndGlobal
